
Microsoft Visual Studio Solution File, Format Version 12.00
# Visual Studio Version 17
VisualStudioVersion = 17.14.36414.22 d17.14
MinimumVisualStudioVersion = 10.0.40219.1
Project("{FAE04EC0-301F-11D3-BF4B-00C04F79EFBC}") = "ChefControl", "ChefControl.csproj", "{23D1B48E-4C3E-4BC4-92C8-6E1156301840}"
EndProject
Global
	GlobalSection(SolutionConfigurationPlatforms) = preSolution
		Debug|Any CPU = Debug|Any CPU
		Release|Any CPU = Release|Any CPU
	EndGlobalSection
	GlobalSection(ProjectConfigurationPlatforms) = postSolution
		{23D1B48E-4C3E-4BC4-92C8-6E1156301840}.Debug|Any CPU.ActiveCfg = Debug|Any CPU
		{23D1B48E-4C3E-4BC4-92C8-6E1156301840}.Debug|Any CPU.Build.0 = Debug|Any CPU
		{23D1B48E-4C3E-4BC4-92C8-6E1156301840}.Release|Any CPU.ActiveCfg = Release|Any CPU
		{23D1B48E-4C3E-4BC4-92C8-6E1156301840}.Release|Any CPU.Build.0 = Release|Any CPU
	EndGlobalSection
	GlobalSection(SolutionProperties) = preSolution
		HideSolutionNode = FALSE
	EndGlobalSection
	GlobalSection(ExtensibilityGlobals) = postSolution
		SolutionGuid = {D339A791-F8E1-4909-8556-66496904F6EA}
	EndGlobalSection
EndGlobal
